{
  "nodes": {
    "delta": {
      "flake": false,
      "locked": {
        "lastModified": 1746200463,
        "narHash": "sha256-LLWFO221ARYyQR+wJqGmyZE6JTiwQ8PJQc0YpZGcaWo=",
        "owner": "dandavison",
        "repo": "delta",
        "rev": "cb610ec4c9cce5e82729f28e44f61197ab4c7132",
        "type": "github"
      },
      "original": {
        "owner": "dandavison",
        "repo": "delta",
        "type": "github"
      }
    },
    "dracula-alacritty-theme": {
      "flake": false,
      "locked": {
        "lastModified": 1745504714,
        "narHash": "sha256-SzhZPvblz+U2vIHuLcjdA3pf7RfV2r0yrLZytkQ9s94=",
        "owner": "dracula",
        "repo": "alacritty",
        "rev": "c8a3a13404b78d520d04354e133b5075d9b785e1",
        "type": "github"
      },
      "original": {
        "owner": "dracula",
        "repo": "alacritty",
        "type": "github"
      }
    },
    "dracula-wallpaper": {
      "flake": false,
      "locked": {
        "lastModified": 1699895880,
        "narHash": "sha256-P0MfGkVap8wDd6eSMwmLhvQ4/7Z+pNmgY7O+qt9C1bg=",
        "owner": "dracula",
        "repo": "wallpaper",
        "rev": "f2b8cc4223bcc2dfd5f165ab80f701bbb84e3303",
        "type": "github"
      },
      "original": {
        "owner": "dracula",
        "repo": "wallpaper",
        "type": "github"
      }
    },
    "flake-compat": {
      "locked": {
        "lastModified": 1747046372,
        "narHash": "sha256-CIVLLkVgvHYbgI2UpXvIIBJ12HWgX+fjA8Xf8PUmqCY=",
        "owner": "edolstra",
        "repo": "flake-compat",
        "rev": "9100a0f413b0c601e0533d1d94ffd501ce2e7885",
        "type": "github"
      },
      "original": {
        "owner": "edolstra",
        "repo": "flake-compat",
        "type": "github"
      }
    },
    "home-manager": {
      "inputs": {
        "nixpkgs": [
          "nixpkgs"
        ]
      },
      "locked": {
        "lastModified": 1747556831,
        "narHash": "sha256-Qb84nbYFFk0DzFeqVoHltS2RodAYY5/HZQKE8WnBDsc=",
        "owner": "nix-community",
        "repo": "home-manager",
        "rev": "d0bbd221482c2713cccb80220f3c9d16a6e20a33",
        "type": "github"
      },
      "original": {
        "owner": "nix-community",
        "ref": "release-25.05",
        "repo": "home-manager",
        "type": "github"
      }
    },
    "nix-alien": {
      "inputs": {
        "flake-compat": "flake-compat",
        "nix-index-database": "nix-index-database",
        "nixpkgs": [
          "nixpkgs-unstable"
        ]
      },
      "locked": {
        "lastModified": 1747293822,
        "narHash": "sha256-1R3Ro+RQCUUnIFZDObP9/2QBLk3xvgbXU67Qii+YZ8s=",
        "owner": "thiagokokada",
        "repo": "nix-alien",
        "rev": "ea7eb3a76520fa8d92879afb819756ffc0bc629e",
        "type": "github"
      },
      "original": {
        "owner": "thiagokokada",
        "repo": "nix-alien",
        "type": "github"
      }
    },
    "nix-index-database": {
      "inputs": {
        "nixpkgs": [
          "nix-alien",
          "nixpkgs"
        ]
      },
      "locked": {
        "lastModified": 1746934494,
        "narHash": "sha256-3n6i+F0sDASjkhbvgFDpPDZGp7z19IrRtjfF9TwJpCA=",
        "owner": "nix-community",
        "repo": "nix-index-database",
        "rev": "e9b21b01e4307176b9718a29ac514838e7f6f4ff",
        "type": "github"
      },
      "original": {
        "owner": "nix-community",
        "repo": "nix-index-database",
        "type": "github"
      }
    },
    "nixos-hardware": {
      "locked": {
        "lastModified": 1747723695,
        "narHash": "sha256-lSXzv33yv1O9r9Ai1MtYFDX3OKhWsZMn/5FFb4Rni/k=",
        "owner": "NixOS",
        "repo": "nixos-hardware",
        "rev": "6ac6ec6fcb410e15a60ef5ec94b8a2b35b5dd282",
        "type": "github"
      },
      "original": {
        "owner": "NixOS",
        "ref": "master",
        "repo": "nixos-hardware",
        "type": "github"
      }
    },
    "nixpkgs": {
      "locked": {
        "lastModified": 1747724236,
        "narHash": "sha256-56NbmhBQnxdqDDPX90crdQd15pkVZQjrMtQxca4YxcE=",
        "owner": "nixos",
        "repo": "nixpkgs",
        "rev": "d7fdb1c0ba311bb836b705e02359d23322443b18",
        "type": "github"
      },
      "original": {
        "owner": "nixos",
        "ref": "release-25.05",
        "repo": "nixpkgs",
        "type": "github"
      }
    },
    "nixpkgs-unstable": {
      "locked": {
        "lastModified": 1747533086,
        "narHash": "sha256-+8goyptSXa7qV0k5uPKyky58jpBjI/qkzsbwCZFvhRY=",
        "owner": "nixos",
        "repo": "nixpkgs",
        "rev": "8406224e30c258025cb8b31704bdb977a8f1f009",
        "type": "github"
      },
      "original": {
        "owner": "nixos",
        "ref": "nixpkgs-unstable",
        "repo": "nixpkgs",
        "type": "github"
      }
    },
    "root": {
      "inputs": {
        "delta": "delta",
        "dracula-alacritty-theme": "dracula-alacritty-theme",
        "dracula-wallpaper": "dracula-wallpaper",
        "home-manager": "home-manager",
        "nix-alien": "nix-alien",
        "nixos-hardware": "nixos-hardware",
        "nixpkgs": "nixpkgs",
        "nixpkgs-unstable": "nixpkgs-unstable"
      }
    }
  },
  "root": "root",
  "version": 7
}
